// !$*UTF8*$!
{
	archiveVersion = 1;
	classes = {
	};
	objectVersion = 46;
	objects = {

/* Begin PBXBuildFile section */
		A0319D4C1AE9447B00B42A18 /* EducationViewController.swift in Sources */ = {isa = PBXBuildFile; fileRef = A0319D4B1AE9447B00B42A18 /* EducationViewController.swift */; };
		A0319D4F1AE9453800B42A18 /* TitleTableViewCell.swift in Sources */ = {isa = PBXBuildFile; fileRef = A0319D4E1AE9453800B42A18 /* TitleTableViewCell.swift */; };
		A0319D521AE9455200B42A18 /* DescriptionTableViewCell.swift in Sources */ = {isa = PBXBuildFile; fileRef = A0319D511AE9455200B42A18 /* DescriptionTableViewCell.swift */; };
		A0319D551AE95B5F00B42A18 /* AppViewController.swift in Sources */ = {isa = PBXBuildFile; fileRef = A0319D541AE95B5F00B42A18 /* AppViewController.swift */; };
		A0319D581AE9685300B42A18 /* AppTableViewCell.swift in Sources */ = {isa = PBXBuildFile; fileRef = A0319D571AE9685300B42A18 /* AppTableViewCell.swift */; };
		A0608C3E1AEAE46B00287EDB /* WebViewController.swift in Sources */ = {isa = PBXBuildFile; fileRef = A0608C3D1AEAE46B00287EDB /* WebViewController.swift */; };
		A0C08A671AE8AB5500FD7807 /* EventsViewController.swift in Sources */ = {isa = PBXBuildFile; fileRef = A0C08A661AE8AB5500FD7807 /* EventsViewController.swift */; };
		A0D584D01AE606CF0006EAE5 /* AppDelegate.swift in Sources */ = {isa = PBXBuildFile; fileRef = A0D584CF1AE606CF0006EAE5 /* AppDelegate.swift */; };
		A0D584D21AE606CF0006EAE5 /* ViewController.swift in Sources */ = {isa = PBXBuildFile; fileRef = A0D584D11AE606CF0006EAE5 /* ViewController.swift */; };
		A0D584D51AE606CF0006EAE5 /* Main.storyboard in Resources */ = {isa = PBXBuildFile; fileRef = A0D584D31AE606CF0006EAE5 /* Main.storyboard */; };
		A0D584D71AE606CF0006EAE5 /* Images.xcassets in Resources */ = {isa = PBXBuildFile; fileRef = A0D584D61AE606CF0006EAE5 /* Images.xcassets */; };
		A0D584DA1AE606CF0006EAE5 /* LaunchScreen.xib in Resources */ = {isa = PBXBuildFile; fileRef = A0D584D81AE606CF0006EAE5 /* LaunchScreen.xib */; };
		A0D584E61AE606CF0006EAE5 /* Luis_ChavezTests.swift in Sources */ = {isa = PBXBuildFile; fileRef = A0D584E51AE606CF0006EAE5 /* Luis_ChavezTests.swift */; };
		A0D584F41AE619A00006EAE5 /* ContentOneViewController.swift in Sources */ = {isa = PBXBuildFile; fileRef = A0D584F31AE619A00006EAE5 /* ContentOneViewController.swift */; };
		A0D584F71AE619B30006EAE5 /* ContentTwoViewController.swift in Sources */ = {isa = PBXBuildFile; fileRef = A0D584F61AE619B30006EAE5 /* ContentTwoViewController.swift */; };
		A0D584FA1AE61A480006EAE5 /* ContentThreeViewController.swift in Sources */ = {isa = PBXBuildFile; fileRef = A0D584F91AE61A480006EAE5 /* ContentThreeViewController.swift */; };
		A0D584FD1AE61A5D0006EAE5 /* ContentFourViewController.swift in Sources */ = {isa = PBXBuildFile; fileRef = A0D584FC1AE61A5D0006EAE5 /* ContentFourViewController.swift */; };
		A0D585011AE74E150006EAE5 /* ProfileViewController.swift in Sources */ = {isa = PBXBuildFile; fileRef = A0D585001AE74E150006EAE5 /* ProfileViewController.swift */; };
		A0D585041AE74E710006EAE5 /* HeadProfileTableViewCell.swift in Sources */ = {isa = PBXBuildFile; fileRef = A0D585031AE74E710006EAE5 /* HeadProfileTableViewCell.swift */; };
/* End PBXBuildFile section */

/* Begin PBXContainerItemProxy section */
		A0D584E01AE606CF0006EAE5 /* PBXContainerItemProxy */ = {
			isa = PBXContainerItemProxy;
			containerPortal = A0D584C21AE606CF0006EAE5 /* Project object */;
			proxyType = 1;
			remoteGlobalIDString = A0D584C91AE606CF0006EAE5;
			remoteInfo = "Luis Chavez";
		};
/* End PBXContainerItemProxy section */

/* Begin PBXFileReference section */
		A0319D4B1AE9447B00B42A18 /* EducationViewController.swift */ = {isa = PBXFileReference; fileEncoding = 4; lastKnownFileType = sourcecode.swift; path = EducationViewController.swift; sourceTree = "<group>"; };
		A0319D4E1AE9453800B42A18 /* TitleTableViewCell.swift */ = {isa = PBXFileReference; fileEncoding = 4; lastKnownFileType = sourcecode.swift; path = TitleTableViewCell.swift; sourceTree = "<group>"; };
		A0319D511AE9455200B42A18 /* DescriptionTableViewCell.swift */ = {isa = PBXFileReference; fileEncoding = 4; lastKnownFileType = sourcecode.swift; path = DescriptionTableViewCell.swift; sourceTree = "<group>"; };
		A0319D541AE95B5F00B42A18 /* AppViewController.swift */ = {isa = PBXFileReference; fileEncoding = 4; lastKnownFileType = sourcecode.swift; path = AppViewController.swift; sourceTree = "<group>"; };
		A0319D571AE9685300B42A18 /* AppTableViewCell.swift */ = {isa = PBXFileReference; fileEncoding = 4; lastKnownFileType = sourcecode.swift; path = AppTableViewCell.swift; sourceTree = "<group>"; };
		A0608C3D1AEAE46B00287EDB /* WebViewController.swift */ = {isa = PBXFileReference; fileEncoding = 4; lastKnownFileType = sourcecode.swift; path = WebViewController.swift; sourceTree = "<group>"; };
		A0C08A661AE8AB5500FD7807 /* EventsViewController.swift */ = {isa = PBXFileReference; fileEncoding = 4; lastKnownFileType = sourcecode.swift; path = EventsViewController.swift; sourceTree = "<group>"; };
		A0D584CA1AE606CF0006EAE5 /* Luis Chavez.app */ = {isa = PBXFileReference; explicitFileType = wrapper.application; includeInIndex = 0; path = "Luis Chavez.app"; sourceTree = BUILT_PRODUCTS_DIR; };
		A0D584CE1AE606CF0006EAE5 /* Info.plist */ = {isa = PBXFileReference; lastKnownFileType = text.plist.xml; path = Info.plist; sourceTree = "<group>"; };
		A0D584CF1AE606CF0006EAE5 /* AppDelegate.swift */ = {isa = PBXFileReference; lastKnownFileType = sourcecode.swift; path = AppDelegate.swift; sourceTree = "<group>"; };
		A0D584D11AE606CF0006EAE5 /* ViewController.swift */ = {isa = PBXFileReference; lastKnownFileType = sourcecode.swift; path = ViewController.swift; sourceTree = "<group>"; };
		A0D584D41AE606CF0006EAE5 /* Base */ = {isa = PBXFileReference; lastKnownFileType = file.storyboard; name = Base; path = Base.lproj/Main.storyboard; sourceTree = "<group>"; };
		A0D584D61AE606CF0006EAE5 /* Images.xcassets */ = {isa = PBXFileReference; lastKnownFileType = folder.assetcatalog; path = Images.xcassets; sourceTree = "<group>"; };
		A0D584D91AE606CF0006EAE5 /* Base */ = {isa = PBXFileReference; lastKnownFileType = file.xib; name = Base; path = Base.lproj/LaunchScreen.xib; sourceTree = "<group>"; };
		A0D584DF1AE606CF0006EAE5 /* Luis ChavezTests.xctest */ = {isa = PBXFileReference; explicitFileType = wrapper.cfbundle; includeInIndex = 0; path = "Luis ChavezTests.xctest"; sourceTree = BUILT_PRODUCTS_DIR; };
		A0D584E41AE606CF0006EAE5 /* Info.plist */ = {isa = PBXFileReference; lastKnownFileType = text.plist.xml; path = Info.plist; sourceTree = "<group>"; };
		A0D584E51AE606CF0006EAE5 /* Luis_ChavezTests.swift */ = {isa = PBXFileReference; lastKnownFileType = sourcecode.swift; path = Luis_ChavezTests.swift; sourceTree = "<group>"; };
		A0D584F31AE619A00006EAE5 /* ContentOneViewController.swift */ = {isa = PBXFileReference; fileEncoding = 4; lastKnownFileType = sourcecode.swift; path = ContentOneViewController.swift; sourceTree = "<group>"; };
		A0D584F61AE619B30006EAE5 /* ContentTwoViewController.swift */ = {isa = PBXFileReference; fileEncoding = 4; lastKnownFileType = sourcecode.swift; path = ContentTwoViewController.swift; sourceTree = "<group>"; };
		A0D584F91AE61A480006EAE5 /* ContentThreeViewController.swift */ = {isa = PBXFileReference; fileEncoding = 4; lastKnownFileType = sourcecode.swift; path = ContentThreeViewController.swift; sourceTree = "<group>"; };
		A0D584FC1AE61A5D0006EAE5 /* ContentFourViewController.swift */ = {isa = PBXFileReference; fileEncoding = 4; lastKnownFileType = sourcecode.swift; path = ContentFourViewController.swift; sourceTree = "<group>"; };
		A0D585001AE74E150006EAE5 /* ProfileViewController.swift */ = {isa = PBXFileReference; fileEncoding = 4; lastKnownFileType = sourcecode.swift; path = ProfileViewController.swift; sourceTree = "<group>"; };
		A0D585031AE74E710006EAE5 /* HeadProfileTableViewCell.swift */ = {isa = PBXFileReference; fileEncoding = 4; lastKnownFileType = sourcecode.swift; path = HeadProfileTableViewCell.swift; sourceTree = "<group>"; };
/* End PBXFileReference section */

/* Begin PBXFrameworksBuildPhase section */
		A0D584C71AE606CF0006EAE5 /* Frameworks */ = {
			isa = PBXFrameworksBuildPhase;
			buildActionMask = 2147483647;
			files = (
			);
			runOnlyForDeploymentPostprocessing = 0;
		};
		A0D584DC1AE606CF0006EAE5 /* Frameworks */ = {
			isa = PBXFrameworksBuildPhase;
			buildActionMask = 2147483647;
			files = (
			);
			runOnlyForDeploymentPostprocessing = 0;
		};
/* End PBXFrameworksBuildPhase section */

/* Begin PBXGroup section */
		A0319D4A1AE9446A00B42A18 /* EducationViewController */ = {
			isa = PBXGroup;
			children = (
				A0319D501AE9454500B42A18 /* DescriptionCell */,
				A0319D4D1AE9451F00B42A18 /* TitleCell */,
				A0319D4B1AE9447B00B42A18 /* EducationViewController.swift */,
			);
			name = EducationViewController;
			sourceTree = "<group>";
		};
		A0319D4D1AE9451F00B42A18 /* TitleCell */ = {
			isa = PBXGroup;
			children = (
				A0319D4E1AE9453800B42A18 /* TitleTableViewCell.swift */,
			);
			name = TitleCell;
			sourceTree = "<group>";
		};
		A0319D501AE9454500B42A18 /* DescriptionCell */ = {
			isa = PBXGroup;
			children = (
				A0319D511AE9455200B42A18 /* DescriptionTableViewCell.swift */,
			);
			name = DescriptionCell;
			sourceTree = "<group>";
		};
		A0319D531AE95B4C00B42A18 /* AppViewController */ = {
			isa = PBXGroup;
			children = (
				A0319D561AE9684700B42A18 /* Cell */,
				A0319D541AE95B5F00B42A18 /* AppViewController.swift */,
			);
			name = AppViewController;
			sourceTree = "<group>";
		};
		A0319D561AE9684700B42A18 /* Cell */ = {
			isa = PBXGroup;
			children = (
				A0319D571AE9685300B42A18 /* AppTableViewCell.swift */,
			);
			name = Cell;
			sourceTree = "<group>";
		};
		A0608C3C1AEAE45E00287EDB /* WebViewController */ = {
			isa = PBXGroup;
			children = (
				A0608C3D1AEAE46B00287EDB /* WebViewController.swift */,
			);
			name = WebViewController;
			sourceTree = "<group>";
		};
		A0C08A651AE8AB4600FD7807 /* EventsViewController */ = {
			isa = PBXGroup;
			children = (
				A0C08A661AE8AB5500FD7807 /* EventsViewController.swift */,
			);
			name = EventsViewController;
			sourceTree = "<group>";
		};
		A0D584C11AE606CF0006EAE5 = {
			isa = PBXGroup;
			children = (
				A0D584CC1AE606CF0006EAE5 /* Luis Chavez */,
				A0D584E21AE606CF0006EAE5 /* Luis ChavezTests */,
				A0D584CB1AE606CF0006EAE5 /* Products */,
			);
			sourceTree = "<group>";
		};
		A0D584CB1AE606CF0006EAE5 /* Products */ = {
			isa = PBXGroup;
			children = (
				A0D584CA1AE606CF0006EAE5 /* Luis Chavez.app */,
				A0D584DF1AE606CF0006EAE5 /* Luis ChavezTests.xctest */,
			);
			name = Products;
			sourceTree = "<group>";
		};
		A0D584CC1AE606CF0006EAE5 /* Luis Chavez */ = {
			isa = PBXGroup;
			children = (
				A0D584CF1AE606CF0006EAE5 /* AppDelegate.swift */,
				A0D584EF1AE606D40006EAE5 /* ViewControllers */,
				A0D584D31AE606CF0006EAE5 /* Main.storyboard */,
				A0D584D61AE606CF0006EAE5 /* Images.xcassets */,
				A0D584D81AE606CF0006EAE5 /* LaunchScreen.xib */,
				A0D584CD1AE606CF0006EAE5 /* Supporting Files */,
			);
			path = "Luis Chavez";
			sourceTree = "<group>";
		};
		A0D584CD1AE606CF0006EAE5 /* Supporting Files */ = {
			isa = PBXGroup;
			children = (
				A0D584CE1AE606CF0006EAE5 /* Info.plist */,
			);
			name = "Supporting Files";
			sourceTree = "<group>";
		};
		A0D584E21AE606CF0006EAE5 /* Luis ChavezTests */ = {
			isa = PBXGroup;
			children = (
				A0D584E51AE606CF0006EAE5 /* Luis_ChavezTests.swift */,
				A0D584E31AE606CF0006EAE5 /* Supporting Files */,
			);
			path = "Luis ChavezTests";
			sourceTree = "<group>";
		};
		A0D584E31AE606CF0006EAE5 /* Supporting Files */ = {
			isa = PBXGroup;
			children = (
				A0D584E41AE606CF0006EAE5 /* Info.plist */,
			);
			name = "Supporting Files";
			sourceTree = "<group>";
		};
		A0D584EF1AE606D40006EAE5 /* ViewControllers */ = {
			isa = PBXGroup;
			children = (
				A0608C3C1AEAE45E00287EDB /* WebViewController */,
				A0319D531AE95B4C00B42A18 /* AppViewController */,
				A0319D4A1AE9446A00B42A18 /* EducationViewController */,
				A0C08A651AE8AB4600FD7807 /* EventsViewController */,
				A0D584FE1AE74DC80006EAE5 /* ProfileViewController */,
				A0D584F01AE6070E0006EAE5 /* WalkthroughViewController */,
			);
			name = ViewControllers;
			sourceTree = "<group>";
		};
		A0D584F01AE6070E0006EAE5 /* WalkthroughViewController */ = {
			isa = PBXGroup;
			children = (
				A0D584D11AE606CF0006EAE5 /* ViewController.swift */,
				A0D584F11AE619640006EAE5 /* ContentViewControllers */,
			);
			name = WalkthroughViewController;
			sourceTree = "<group>";
		};
		A0D584F11AE619640006EAE5 /* ContentViewControllers */ = {
			isa = PBXGroup;
			children = (
				A0D584FB1AE61A510006EAE5 /* ContentFourViewController */,
				A0D584F81AE619BA0006EAE5 /* ContentThreeViewController */,
				A0D584F51AE619A50006EAE5 /* ContentTwoViewController */,
				A0D584F21AE619820006EAE5 /* ContentOneViewController */,
			);
			name = ContentViewControllers;
			sourceTree = "<group>";
		};
		A0D584F21AE619820006EAE5 /* ContentOneViewController */ = {
			isa = PBXGroup;
			children = (
				A0D584F31AE619A00006EAE5 /* ContentOneViewController.swift */,
			);
			name = ContentOneViewController;
			sourceTree = "<group>";
		};
		A0D584F51AE619A50006EAE5 /* ContentTwoViewController */ = {
			isa = PBXGroup;
			children = (
				A0D584F61AE619B30006EAE5 /* ContentTwoViewController.swift */,
			);
			name = ContentTwoViewController;
			sourceTree = "<group>";
		};
		A0D584F81AE619BA0006EAE5 /* ContentThreeViewController */ = {
			isa = PBXGroup;
			children = (
				A0D584F91AE61A480006EAE5 /* ContentThreeViewController.swift */,
			);
			name = ContentThreeViewController;
			sourceTree = "<group>";
		};
		A0D584FB1AE61A510006EAE5 /* ContentFourViewController */ = {
			isa = PBXGroup;
			children = (
				A0D584FC1AE61A5D0006EAE5 /* ContentFourViewController.swift */,
			);
			name = ContentFourViewController;
			sourceTree = "<group>";
		};
		A0D584FE1AE74DC80006EAE5 /* ProfileViewController */ = {
			isa = PBXGroup;
			children = (
				A0D585021AE74E1B0006EAE5 /* Cells */,
				A0D585001AE74E150006EAE5 /* ProfileViewController.swift */,
			);
			name = ProfileViewController;
			sourceTree = "<group>";
		};
		A0D585021AE74E1B0006EAE5 /* Cells */ = {
			isa = PBXGroup;
			children = (
				A0D585031AE74E710006EAE5 /* HeadProfileTableViewCell.swift */,
			);
			name = Cells;
			sourceTree = "<group>";
		};
/* End PBXGroup section */

/* Begin PBXNativeTarget section */
		A0D584C91AE606CF0006EAE5 /* Luis Chavez */ = {
			isa = PBXNativeTarget;
			buildConfigurationList = A0D584E91AE606CF0006EAE5 /* Build configuration list for PBXNativeTarget "Luis Chavez" */;
			buildPhases = (
				A0D584C61AE606CF0006EAE5 /* Sources */,
				A0D584C71AE606CF0006EAE5 /* Frameworks */,
				A0D584C81AE606CF0006EAE5 /* Resources */,
			);
			buildRules = (
			);
			dependencies = (
			);
			name = "Luis Chavez";
			productName = "Luis Chavez";
			productReference = A0D584CA1AE606CF0006EAE5 /* Luis Chavez.app */;
			productType = "com.apple.product-type.application";
		};
		A0D584DE1AE606CF0006EAE5 /* Luis ChavezTests */ = {
			isa = PBXNativeTarget;
			buildConfigurationList = A0D584EC1AE606CF0006EAE5 /* Build configuration list for PBXNativeTarget "Luis ChavezTests" */;
			buildPhases = (
				A0D584DB1AE606CF0006EAE5 /* Sources */,
				A0D584DC1AE606CF0006EAE5 /* Frameworks */,
				A0D584DD1AE606CF0006EAE5 /* Resources */,
			);
			buildRules = (
			);
			dependencies = (
				A0D584E11AE606CF0006EAE5 /* PBXTargetDependency */,
			);
			name = "Luis ChavezTests";
			productName = "Luis ChavezTests";
			productReference = A0D584DF1AE606CF0006EAE5 /* Luis ChavezTests.xctest */;
			productType = "com.apple.product-type.bundle.unit-test";
		};
/* End PBXNativeTarget section */

/* Begin PBXProject section */
		A0D584C21AE606CF0006EAE5 /* Project object */ = {
			isa = PBXProject;
			attributes = {
				LastUpgradeCheck = 0630;
				ORGANIZATIONNAME = me.luischavez;
				TargetAttributes = {
					A0D584C91AE606CF0006EAE5 = {
						CreatedOnToolsVersion = 6.3;
					};
					A0D584DE1AE606CF0006EAE5 = {
						CreatedOnToolsVersion = 6.3;
						TestTargetID = A0D584C91AE606CF0006EAE5;
					};
				};
			};
			buildConfigurationList = A0D584C51AE606CF0006EAE5 /* Build configuration list for PBXProject "Luis Chavez" */;
			compatibilityVersion = "Xcode 3.2";
			developmentRegion = English;
			hasScannedForEncodings = 0;
			knownRegions = (
				en,
				Base,
			);
			mainGroup = A0D584C11AE606CF0006EAE5;
			productRefGroup = A0D584CB1AE606CF0006EAE5 /* Products */;
			projectDirPath = "";
			projectRoot = "";
			targets = (
				A0D584C91AE606CF0006EAE5 /* Luis Chavez */,
				A0D584DE1AE606CF0006EAE5 /* Luis ChavezTests */,
			);
		};
/* End PBXProject section */

/* Begin PBXResourcesBuildPhase section */
		A0D584C81AE606CF0006EAE5 /* Resources */ = {
			isa = PBXResourcesBuildPhase;
			buildActionMask = 2147483647;
			files = (
				A0D584D51AE606CF0006EAE5 /* Main.storyboard in Resources */,
				A0D584DA1AE606CF0006EAE5 /* LaunchScreen.xib in Resources */,
				A0D584D71AE606CF0006EAE5 /* Images.xcassets in Resources */,
			);
			runOnlyForDeploymentPostprocessing = 0;
		};
		A0D584DD1AE606CF0006EAE5 /* Resources */ = {
			isa = PBXResourcesBuildPhase;
			buildActionMask = 2147483647;
			files = (
			);
			runOnlyForDeploymentPostprocessing = 0;
		};
/* End PBXResourcesBuildPhase section */

/* Begin PBXSourcesBuildPhase section */
		A0D584C61AE606CF0006EAE5 /* Sources */ = {
			isa = PBXSourcesBuildPhase;
			buildActionMask = 2147483647;
			files = (
				A0D584FA1AE61A480006EAE5 /* ContentThreeViewController.swift in Sources */,
				A0D584D21AE606CF0006EAE5 /* ViewController.swift in Sources */,
				A0319D551AE95B5F00B42A18 /* AppViewController.swift in Sources */,
				A0D584FD1AE61A5D0006EAE5 /* ContentFourViewController.swift in Sources */,
				A0319D4F1AE9453800B42A18 /* TitleTableViewCell.swift in Sources */,
				A0319D521AE9455200B42A18 /* DescriptionTableViewCell.swift in Sources */,
				A0319D4C1AE9447B00B42A18 /* EducationViewController.swift in Sources */,
				A0D584F71AE619B30006EAE5 /* ContentTwoViewController.swift in Sources */,
				A0D585011AE74E150006EAE5 /* ProfileViewController.swift in Sources */,
				A0D584F41AE619A00006EAE5 /* ContentOneViewController.swift in Sources */,
				A0D584D01AE606CF0006EAE5 /* AppDelegate.swift in Sources */,
				A0D585041AE74E710006EAE5 /* HeadProfileTableViewCell.swift in Sources */,
				A0C08A671AE8AB5500FD7807 /* EventsViewController.swift in Sources */,
				A0608C3E1AEAE46B00287EDB /* WebViewController.swift in Sources */,
				A0319D581AE9685300B42A18 /* AppTableViewCell.swift in Sources */,
			);
			runOnlyForDeploymentPostprocessing = 0;
		};
		A0D584DB1AE606CF0006EAE5 /* Sources */ = {
			isa = PBXSourcesBuildPhase;
			buildActionMask = 2147483647;
			files = (
				A0D584E61AE606CF0006EAE5 /* Luis_ChavezTests.swift in Sources */,
			);
			runOnlyForDeploymentPostprocessing = 0;
		};
/* End PBXSourcesBuildPhase section */

/* Begin PBXTargetDependency section */
		A0D584E11AE606CF0006EAE5 /* PBXTargetDependency */ = {
			isa = PBXTargetDependency;
			target = A0D584C91AE606CF0006EAE5 /* Luis Chavez */;
			targetProxy = A0D584E01AE606CF0006EAE5 /* PBXContainerItemProxy */;
		};
/* End PBXTargetDependency section */

/* Begin PBXVariantGroup section */
		A0D584D31AE606CF0006EAE5 /* Main.storyboard */ = {
			isa = PBXVariantGroup;
			children = (
				A0D584D41AE606CF0006EAE5 /* Base */,
			);
			name = Main.storyboard;
			sourceTree = "<group>";
		};
		A0D584D81AE606CF0006EAE5 /* LaunchScreen.xib */ = {
			isa = PBXVariantGroup;
			children = (
				A0D584D91AE606CF0006EAE5 /* Base */,
			);
			name = LaunchScreen.xib;
			sourceTree = "<group>";
		};
/* End PBXVariantGroup section */

/* Begin XCBuildConfiguration section */
		A0D584E71AE606CF0006EAE5 /* Debug */ = {
			isa = XCBuildConfiguration;
			buildSettings = {
				ALWAYS_SEARCH_USER_PATHS = NO;
				CLANG_CXX_LANGUAGE_STANDARD = "gnu++0x";
				CLANG_CXX_LIBRARY = "libc++";
				CLANG_ENABLE_MODULES = YES;
				CLANG_ENABLE_OBJC_ARC = YES;
				CLANG_WARN_BOOL_CONVERSION = YES;
				CLANG_WARN_CONSTANT_CONVERSION = YES;
				CLANG_WARN_DIRECT_OBJC_ISA_USAGE = YES_ERROR;
				CLANG_WARN_EMPTY_BODY = YES;
				CLANG_WARN_ENUM_CONVERSION = YES;
				CLANG_WARN_INT_CONVERSION = YES;
				CLANG_WARN_OBJC_ROOT_CLASS = YES_ERROR;
				CLANG_WARN_UNREACHABLE_CODE = YES;
				CLANG_WARN__DUPLICATE_METHOD_MATCH = YES;
				"CODE_SIGN_IDENTITY[sdk=iphoneos*]" = "iPhone Developer";
				COPY_PHASE_STRIP = NO;
				DEBUG_INFORMATION_FORMAT = "dwarf-with-dsym";
				ENABLE_STRICT_OBJC_MSGSEND = YES;
				GCC_C_LANGUAGE_STANDARD = gnu99;
				GCC_DYNAMIC_NO_PIC = NO;
				GCC_NO_COMMON_BLOCKS = YES;
				GCC_OPTIMIZATION_LEVEL = 0;
				GCC_PREPROCESSOR_DEFINITIONS = (
					"DEBUG=1",
					"$(inherited)",
				);
				GCC_SYMBOLS_PRIVATE_EXTERN = NO;
				GCC_WARN_64_TO_32_BIT_CONVERSION = YES;
				GCC_WARN_ABOUT_RETURN_TYPE = YES_ERROR;
				GCC_WARN_UNDECLARED_SELECTOR = YES;
				GCC_WARN_UNINITIALIZED_AUTOS = YES_AGGRESSIVE;
				GCC_WARN_UNUSED_FUNCTION = YES;
				GCC_WARN_UNUSED_VARIABLE = YES;
				IPHONEOS_DEPLOYMENT_TARGET = 8.3;
				MTL_ENABLE_DEBUG_INFO = YES;
				ONLY_ACTIVE_ARCH = YES;
				SDKROOT = iphoneos;
				SWIFT_OPTIMIZATION_LEVEL = "-Onone";
			};
			name = Debug;
		};
		A0D584E81AE606CF0006EAE5 /* Release */ = {
			isa = XCBuildConfiguration;
			buildSettings = {
				ALWAYS_SEARCH_USER_PATHS = NO;
				CLANG_CXX_LANGUAGE_STANDARD = "gnu++0x";
				CLANG_CXX_LIBRARY = "libc++";
				CLANG_ENABLE_MODULES = YES;
				CLANG_ENABLE_OBJC_ARC = YES;
				CLANG_WARN_BOOL_CONVERSION = YES;
				CLANG_WARN_CONSTANT_CONVERSION = YES;
				CLANG_WARN_DIRECT_OBJC_ISA_USAGE = YES_ERROR;
				CLANG_WARN_EMPTY_BODY = YES;
				CLANG_WARN_ENUM_CONVERSION = YES;
				CLANG_WARN_INT_CONVERSION = YES;
				CLANG_WARN_OBJC_ROOT_CLASS = YES_ERROR;
				CLANG_WARN_UNREACHABLE_CODE = YES;
				CLANG_WARN__DUPLICATE_METHOD_MATCH = YES;
				"CODE_SIGN_IDENTITY[sdk=iphoneos*]" = "iPhone Developer";
				COPY_PHASE_STRIP = NO;
				DEBUG_INFORMATION_FORMAT = "dwarf-with-dsym";
				ENABLE_NS_ASSERTIONS = NO;
				ENABLE_STRICT_OBJC_MSGSEND = YES;
				GCC_C_LANGUAGE_STANDARD = gnu99;
				GCC_NO_COMMON_BLOCKS = YES;
				GCC_WARN_64_TO_32_BIT_CONVERSION = YES;
				GCC_WARN_ABOUT_RETURN_TYPE = YES_ERROR;
				GCC_WARN_UNDECLARED_SELECTOR = YES;
				GCC_WARN_UNINITIALIZED_AUTOS = YES_AGGRESSIVE;
				GCC_WARN_UNUSED_FUNCTION = YES;
				GCC_WARN_UNUSED_VARIABLE = YES;
				IPHONEOS_DEPLOYMENT_TARGET = 8.3;
				MTL_ENABLE_DEBUG_INFO = NO;
				SDKROOT = iphoneos;
				VALIDATE_PRODUCT = YES;
			};
			name = Release;
		};
		A0D584EA1AE606CF0006EAE5 /* Debug */ = {
			isa = XCBuildConfiguration;
			buildSettings = {
				ASSETCATALOG_COMPILER_APPICON_NAME = AppIcon;
				INFOPLIST_FILE = "Luis Chavez/Info.plist";
				IPHONEOS_DEPLOYMENT_TARGET = 8.0;
				LD_RUNPATH_SEARCH_PATHS = "$(inherited) @executable_path/Frameworks";
				PRODUCT_NAME = "$(TARGET_NAME)";
			};
			name = Debug;
		};
		A0D584EB1AE606CF0006EAE5 /* Release */ = {
			isa = XCBuildConfiguration;
			buildSettings = {
				ASSETCATALOG_COMPILER_APPICON_NAME = AppIcon;
				INFOPLIST_FILE = "Luis Chavez/Info.plist";
				IPHONEOS_DEPLOYMENT_TARGET = 8.0;
				LD_RUNPATH_SEARCH_PATHS = "$(inherited) @executable_path/Frameworks";
				PRODUCT_NAME = "$(TARGET_NAME)";
			};
			name = Release;
		};
		A0D584ED1AE606CF0006EAE5 /* Debug */ = {
			isa = XCBuildConfiguration;
			buildSettings = {
				BUNDLE_LOADER = "$(TEST_HOST)";
				FRAMEWORK_SEARCH_PATHS = (
					"$(SDKROOT)/Developer/Library/Frameworks",
					"$(inherited)",
				);
				GCC_PREPROCESSOR_DEFINITIONS = (
					"DEBUG=1",
					"$(inherited)",
				);
				INFOPLIST_FILE = "Luis ChavezTests/Info.plist";
				LD_RUNPATH_SEARCH_PATHS = "$(inherited) @executable_path/Frameworks @loader_path/Frameworks";
				PRODUCT_NAME = "$(TARGET_NAME)";
				TEST_HOST = "$(BUILT_PRODUCTS_DIR)/Luis Chavez.app/Luis Chavez";
			};
			name = Debug;
		};
		A0D584EE1AE606CF0006EAE5 /* Release */ = {
			isa = XCBuildConfiguration;
			buildSettings = {
				BUNDLE_LOADER = "$(TEST_HOST)";
				FRAMEWORK_SEARCH_PATHS = (
					"$(SDKROOT)/Developer/Library/Frameworks",
					"$(inherited)",
				);
				INFOPLIST_FILE = "Luis ChavezTests/Info.plist";
				LD_RUNPATH_SEARCH_PATHS = "$(inherited) @executable_path/Frameworks @loader_path/Frameworks";
				PRODUCT_NAME = "$(TARGET_NAME)";
				TEST_HOST = "$(BUILT_PRODUCTS_DIR)/Luis Chavez.app/Luis Chavez";
			};
			name = Release;
		};
/* End XCBuildConfiguration section */

/* Begin XCConfigurationList section */
		A0D584C51AE606CF0006EAE5 /* Build configuration list for PBXProject "Luis Chavez" */ = {
			isa = XCConfigurationList;
			buildConfigurations = (
				A0D584E71AE606CF0006EAE5 /* Debug */,
				A0D584E81AE606CF0006EAE5 /* Release */,
			);
			defaultConfigurationIsVisible = 0;
			defaultConfigurationName = Release;
		};
		A0D584E91AE606CF0006EAE5 /* Build configuration list for PBXNativeTarget "Luis Chavez" */ = {
			isa = XCConfigurationList;
			buildConfigurations = (
				A0D584EA1AE606CF0006EAE5 /* Debug */,
				A0D584EB1AE606CF0006EAE5 /* Release */,
			);
			defaultConfigurationIsVisible = 0;
			defaultConfigurationName = Release;
		};
		A0D584EC1AE606CF0006EAE5 /* Build configuration list for PBXNativeTarget "Luis ChavezTests" */ = {
			isa = XCConfigurationList;
			buildConfigurations = (
				A0D584ED1AE606CF0006EAE5 /* Debug */,
				A0D584EE1AE606CF0006EAE5 /* Release */,
			);
			defaultConfigurationIsVisible = 0;
			defaultConfigurationName = Release;
		};
/* End XCConfigurationList section */
	};
	rootObject = A0D584C21AE606CF0006EAE5 /* Project object */;
}
